Microsoft Visual Studio Solution File, Format Version 12.00
# Visual Studio Version 17
VisualStudioVersion = 17.5.2.0
MinimumVisualStudioVersion = 10.0.40219.1
Project("{2150E333-8FDC-42A3-9474-1A3956D46DE8}") = "ai-service", "ai-service", "{E5328168-4964-53B3-DE8E-9A79B1742AF6}"
EndProject
Project("{FAE04EC0-301F-11D3-BF4B-00C04F79EFBC}") = "AIService", "ai-service\AIService\AIService.csproj", "{F32A6544-4CDB-A7D7-9476-7A56FB8B6BF5}"
EndProject
Global
	GlobalSection(SolutionConfigurationPlatforms) = preSolution
		Debug|Any CPU = Debug|Any CPU
		Release|Any CPU = Release|Any CPU
	EndGlobalSection
	GlobalSection(ProjectConfigurationPlatforms) = postSolution
		{F32A6544-4CDB-A7D7-9476-7A56FB8B6BF5}.Debug|Any CPU.ActiveCfg = Debug|Any CPU
		{F32A6544-4CDB-A7D7-9476-7A56FB8B6BF5}.Debug|Any CPU.Build.0 = Debug|Any CPU
		{F32A6544-4CDB-A7D7-9476-7A56FB8B6BF5}.Release|Any CPU.ActiveCfg = Release|Any CPU
		{F32A6544-4CDB-A7D7-9476-7A56FB8B6BF5}.Release|Any CPU.Build.0 = Release|Any CPU
	EndGlobalSection
	GlobalSection(SolutionProperties) = preSolution
		HideSolutionNode = FALSE
	EndGlobalSection
	GlobalSection(NestedProjects) = preSolution
		{F32A6544-4CDB-A7D7-9476-7A56FB8B6BF5} = {E5328168-4964-53B3-DE8E-9A79B1742AF6}
	EndGlobalSection
	GlobalSection(ExtensibilityGlobals) = postSolution
		SolutionGuid = {E66AB042-BBD5-4007-AFE2-A181E7FD98AF}
	EndGlobalSection
EndGlobal
